
Microsoft Visual Studio Solution File, Format Version 12.00
# Visual Studio Version 16
VisualStudioVersion = 16.0.32510.428
MinimumVisualStudioVersion = 10.0.40219.1
Project("{8BC9CEB8-8B4A-11D0-8D11-00A0C91BC942}") = "obj-viewer", "obj-viewer\obj-viewer.vcxproj", "{2B3879D8-614B-486A-8B8A-FAEA72EF4E4A}"
EndProject
Global
	GlobalSection(SolutionConfigurationPlatforms) = preSolution
		Debug|x64 = Debug|x64
		Debug|x86 = Debug|x86
		Release|x64 = Release|x64
		Release|x86 = Release|x86
	EndGlobalSection
	GlobalSection(ProjectConfigurationPlatforms) = postSolution
		{2B3879D8-614B-486A-8B8A-FAEA72EF4E4A}.Debug|x64.ActiveCfg = Debug|x64
		{2B3879D8-614B-486A-8B8A-FAEA72EF4E4A}.Debug|x64.Build.0 = Debug|x64
		{2B3879D8-614B-486A-8B8A-FAEA72EF4E4A}.Debug|x86.ActiveCfg = Debug|Win32
		{2B3879D8-614B-486A-8B8A-FAEA72EF4E4A}.Debug|x86.Build.0 = Debug|Win32
		{2B3879D8-614B-486A-8B8A-FAEA72EF4E4A}.Release|x64.ActiveCfg = Release|x64
		{2B3879D8-614B-486A-8B8A-FAEA72EF4E4A}.Release|x64.Build.0 = Release|x64
		{2B3879D8-614B-486A-8B8A-FAEA72EF4E4A}.Release|x86.ActiveCfg = Release|Win32
		{2B3879D8-614B-486A-8B8A-FAEA72EF4E4A}.Release|x86.Build.0 = Release|Win32
	EndGlobalSection
	GlobalSection(SolutionProperties) = preSolution
		HideSolutionNode = FALSE
	EndGlobalSection
	GlobalSection(ExtensibilityGlobals) = postSolution
		SolutionGuid = {8AEDBDC3-D788-45CD-B4E9-389324DC24C5}
	EndGlobalSection
EndGlobal
